
Microsoft Visual Studio Solution File, Format Version 12.00
# Visual Studio 15
VisualStudioVersion = 15.0.27004.2009
MinimumVisualStudioVersion = 10.0.40219.1
Project("{888888A0-9F3D-457C-B088-3A5042F75D52}") = "PersonalFinance", "PersonalFinance\PersonalFinance.pyproj", "{827AFEA6-DA6E-4005-BB01-C4F22B628389}"
EndProject
Global
	GlobalSection(SolutionConfigurationPlatforms) = preSolution
		Debug|Any CPU = Debug|Any CPU
		Release|Any CPU = Release|Any CPU
	EndGlobalSection
	GlobalSection(ProjectConfigurationPlatforms) = postSolution
		{827AFEA6-DA6E-4005-BB01-C4F22B628389}.Debug|Any CPU.ActiveCfg = Debug|Any CPU
		{827AFEA6-DA6E-4005-BB01-C4F22B628389}.Release|Any CPU.ActiveCfg = Release|Any CPU
	EndGlobalSection
	GlobalSection(SolutionProperties) = preSolution
		HideSolutionNode = FALSE
	EndGlobalSection
	GlobalSection(ExtensibilityGlobals) = postSolution
		SolutionGuid = {D67F39A2-0A62-4D4D-868A-E1711A618576}
	EndGlobalSection
EndGlobal
